
Microsoft Visual Studio Solution File, Format Version 12.00
# Visual Studio Version 16
VisualStudioVersion = 16.0.30320.27
MinimumVisualStudioVersion = 10.0.40219.1
Project("{FAE04EC0-301F-11D3-BF4B-00C04F79EFBC}") = "XayDungPhanMem", "XayDungPhanMem\XayDungPhanMem.csproj", "{D61F64DB-E83C-497B-AF34-5EF5C1B4533B}"
EndProject
Project("{FAE04EC0-301F-11D3-BF4B-00C04F79EFBC}") = "DAL", "DAL\DAL.csproj", "{759D30FD-D3C1-452D-B66A-743EF6C959EA}"
EndProject
Global
	GlobalSection(SolutionConfigurationPlatforms) = preSolution
		Debug|Any CPU = Debug|Any CPU
		Release|Any CPU = Release|Any CPU
	EndGlobalSection
	GlobalSection(ProjectConfigurationPlatforms) = postSolution
		{D61F64DB-E83C-497B-AF34-5EF5C1B4533B}.Debug|Any CPU.ActiveCfg = Debug|Any CPU
		{D61F64DB-E83C-497B-AF34-5EF5C1B4533B}.Debug|Any CPU.Build.0 = Debug|Any CPU
		{D61F64DB-E83C-497B-AF34-5EF5C1B4533B}.Release|Any CPU.ActiveCfg = Release|Any CPU
		{D61F64DB-E83C-497B-AF34-5EF5C1B4533B}.Release|Any CPU.Build.0 = Release|Any CPU
		{759D30FD-D3C1-452D-B66A-743EF6C959EA}.Debug|Any CPU.ActiveCfg = Debug|Any CPU
		{759D30FD-D3C1-452D-B66A-743EF6C959EA}.Debug|Any CPU.Build.0 = Debug|Any CPU
		{759D30FD-D3C1-452D-B66A-743EF6C959EA}.Release|Any CPU.ActiveCfg = Release|Any CPU
		{759D30FD-D3C1-452D-B66A-743EF6C959EA}.Release|Any CPU.Build.0 = Release|Any CPU
	EndGlobalSection
	GlobalSection(SolutionProperties) = preSolution
		HideSolutionNode = FALSE
	EndGlobalSection
	GlobalSection(ExtensibilityGlobals) = postSolution
		SolutionGuid = {1D3C1426-90B7-480C-AC95-341DB3EEF26C}
	EndGlobalSection
EndGlobal
